
Microsoft Visual Studio Solution File, Format Version 12.00
# Visual Studio Version 16
VisualStudioVersion = 16.0.31424.327
MinimumVisualStudioVersion = 10.0.40219.1
Project("{9A19103F-16F7-4668-BE54-9A1E7A4F7556}") = "YandexDiskApp", "YandexDiskApp\YandexDiskApp.csproj", "{17E145B6-1E84-4B87-B405-64C42CE2ACDB}"
EndProject
Project("{FAE04EC0-301F-11D3-BF4B-00C04F79EFBC}") = "Disk.SDK.Provider (.NET 4.0)", "Disk.SDK.Provider (.NET 4.0)\Disk.SDK.Provider (.NET 4.0).csproj", "{D8BB0F49-5F72-414A-8976-19846DE293C2}"
EndProject
Project("{FAE04EC0-301F-11D3-BF4B-00C04F79EFBC}") = "Disk.SDK", "Disk.Sdk\Disk.SDK.csproj", "{D37D6F1C-812D-4096-B7CD-5EA46B48C4EE}"
EndProject
Global
	GlobalSection(SolutionConfigurationPlatforms) = preSolution
		Debug|Any CPU = Debug|Any CPU
		Release|Any CPU = Release|Any CPU
	EndGlobalSection
	GlobalSection(ProjectConfigurationPlatforms) = postSolution
		{17E145B6-1E84-4B87-B405-64C42CE2ACDB}.Debug|Any CPU.ActiveCfg = Debug|Any CPU
		{17E145B6-1E84-4B87-B405-64C42CE2ACDB}.Debug|Any CPU.Build.0 = Debug|Any CPU
		{17E145B6-1E84-4B87-B405-64C42CE2ACDB}.Release|Any CPU.ActiveCfg = Release|Any CPU
		{17E145B6-1E84-4B87-B405-64C42CE2ACDB}.Release|Any CPU.Build.0 = Release|Any CPU
		{D8BB0F49-5F72-414A-8976-19846DE293C2}.Debug|Any CPU.ActiveCfg = Debug|Any CPU
		{D8BB0F49-5F72-414A-8976-19846DE293C2}.Debug|Any CPU.Build.0 = Debug|Any CPU
		{D8BB0F49-5F72-414A-8976-19846DE293C2}.Release|Any CPU.ActiveCfg = Release|Any CPU
		{D8BB0F49-5F72-414A-8976-19846DE293C2}.Release|Any CPU.Build.0 = Release|Any CPU
		{D37D6F1C-812D-4096-B7CD-5EA46B48C4EE}.Debug|Any CPU.ActiveCfg = Debug|Any CPU
		{D37D6F1C-812D-4096-B7CD-5EA46B48C4EE}.Debug|Any CPU.Build.0 = Debug|Any CPU
		{D37D6F1C-812D-4096-B7CD-5EA46B48C4EE}.Release|Any CPU.ActiveCfg = Release|Any CPU
		{D37D6F1C-812D-4096-B7CD-5EA46B48C4EE}.Release|Any CPU.Build.0 = Release|Any CPU
	EndGlobalSection
	GlobalSection(SolutionProperties) = preSolution
		HideSolutionNode = FALSE
	EndGlobalSection
	GlobalSection(ExtensibilityGlobals) = postSolution
		SolutionGuid = {0A2EB8BC-0291-47DF-8E95-9E5624C58E0F}
	EndGlobalSection
EndGlobal
